{
  "name": "seemple-parse-form",
  "version": "2.4.3",
  "lockfileVersion": 1,
  "requires": true,
  "dependencies": {
    "balajs": {
      "version": "1.0.7",
      "resolved": "https://registry.npmjs.org/balajs/-/balajs-1.0.7.tgz",
      "integrity": "sha512-ef6Gb4Nb44Y3fh1NHj1U9cjnkrj5pcz/16USEziNX+qZd0SEoXegU2IEl2DEcBUAKZnL9hWPT2yOPlBPAlCRSA=="
    }
  }
}
